
Microsoft Visual Studio Solution File, Format Version 12.00
# Visual Studio Version 17
VisualStudioVersion = 17.14.36212.18
MinimumVisualStudioVersion = 10.0.40219.1
Project("{2150E333-8FDC-42A3-9474-1A3956D46DE8}") = "Services", "Services", "{02EA681E-C7D8-13C7-8484-4AC65E1B71E8}"
EndProject
Project("{2150E333-8FDC-42A3-9474-1A3956D46DE8}") = "Order", "Order", "{F75B67EC-EB8C-4E4F-BBA3-7780C989F3D0}"
EndProject
Project("{2150E333-8FDC-42A3-9474-1A3956D46DE8}") = "Payment", "Payment", "{9FA982CE-543B-4F06-A990-B7C064D24158}"
EndProject
Project("{2150E333-8FDC-42A3-9474-1A3956D46DE8}") = "Product", "Product", "{FA05525E-B3FF-4614-93F8-39D2B06D7A98}"
EndProject
Project("{2150E333-8FDC-42A3-9474-1A3956D46DE8}") = "BuildingBlocks", "BuildingBlocks", "{B067232E-9832-4DCD-AB6B-D1BD0918ABB1}"
EndProject
Project("{FAE04EC0-301F-11D3-BF4B-00C04F79EFBC}") = "Order.API", "Services\Order\Order.API\Order.API.csproj", "{76972EDE-C75C-CD7B-2F1D-01A430F8CA72}"
EndProject
Project("{FAE04EC0-301F-11D3-BF4B-00C04F79EFBC}") = "Order.Data", "Services\Order\Order.Data\Order.Data.csproj", "{B585998E-EAFF-7B3F-D81D-4849FE69114D}"
EndProject
Project("{FAE04EC0-301F-11D3-BF4B-00C04F79EFBC}") = "Order.Domain", "Services\Order\Order.Domain\Order.Domain.csproj", "{930BF318-FA5F-183E-3F35-AF6B8377CC9C}"
EndProject
Project("{FAE04EC0-301F-11D3-BF4B-00C04F79EFBC}") = "Order.Dto", "Services\Order\Order.Dto\Order.Dto.csproj", "{4DABD573-2533-C342-4409-E9117DFFEF36}"
EndProject
Project("{FAE04EC0-301F-11D3-BF4B-00C04F79EFBC}") = "Payment.API", "Services\Payment\Payment.API\Payment.API.csproj", "{BA9E00D5-3AF6-CF08-F3C8-1077969EB128}"
EndProject
Project("{FAE04EC0-301F-11D3-BF4B-00C04F79EFBC}") = "Payment.Data", "Services\Payment\Payment.Data\Payment.Data.csproj", "{EB4DD273-3C2C-0705-2A77-E7081E61C65F}"
EndProject
Project("{FAE04EC0-301F-11D3-BF4B-00C04F79EFBC}") = "Payment.Domain", "Services\Payment\Payment.Domain\Payment.Domain.csproj", "{1C3D68AC-2DD6-F647-0B32-302D1F633B96}"
EndProject
Project("{FAE04EC0-301F-11D3-BF4B-00C04F79EFBC}") = "Payment.DTO", "Services\Payment\Payment.DTO\Payment.DTO.csproj", "{A4A8B3B3-F21C-5890-BE3A-7EDC54D312B6}"
EndProject
Project("{FAE04EC0-301F-11D3-BF4B-00C04F79EFBC}") = "Product.API", "Services\Product\Product.API\Product.API.csproj", "{447BB564-7E5A-067F-FECE-5766490358CF}"
EndProject
Project("{FAE04EC0-301F-11D3-BF4B-00C04F79EFBC}") = "Product.Data", "Services\Product\Product.Data\Product.Data.csproj", "{36E7C992-D931-132B-E221-A0EDC6CF88AD}"
EndProject
Project("{FAE04EC0-301F-11D3-BF4B-00C04F79EFBC}") = "Product.Domain", "Services\Product\Product.Domain\Product.Domain.csproj", "{92652C77-8A32-4C87-7244-0B9285E82F19}"
EndProject
Project("{FAE04EC0-301F-11D3-BF4B-00C04F79EFBC}") = "Product.Dto", "Services\Product\Product.Dto\Product.Dto.csproj", "{439F1C0D-FDB6-0AE6-4B0B-05CA8EBC05E0}"
EndProject
Project("{FAE04EC0-301F-11D3-BF4B-00C04F79EFBC}") = "CommonFiles", "CommonFiles\CommonFiles.csproj", "{8675AAEB-C225-47B5-9F79-6E492B18698E}"
EndProject
Project("{FAE04EC0-301F-11D3-BF4B-00C04F79EFBC}") = "Order.UnitTest", "UserControllerShould\Order.UnitTest.csproj", "{471C8186-0CC3-4891-BE16-F8ABDB7A8C89}"
EndProject
Global
	GlobalSection(SolutionConfigurationPlatforms) = preSolution
		Debug|Any CPU = Debug|Any CPU
		Release|Any CPU = Release|Any CPU
	EndGlobalSection
	GlobalSection(ProjectConfigurationPlatforms) = postSolution
		{76972EDE-C75C-CD7B-2F1D-01A430F8CA72}.Debug|Any CPU.ActiveCfg = Debug|Any CPU
		{76972EDE-C75C-CD7B-2F1D-01A430F8CA72}.Debug|Any CPU.Build.0 = Debug|Any CPU
		{76972EDE-C75C-CD7B-2F1D-01A430F8CA72}.Release|Any CPU.ActiveCfg = Release|Any CPU
		{76972EDE-C75C-CD7B-2F1D-01A430F8CA72}.Release|Any CPU.Build.0 = Release|Any CPU
		{B585998E-EAFF-7B3F-D81D-4849FE69114D}.Debug|Any CPU.ActiveCfg = Debug|Any CPU
		{B585998E-EAFF-7B3F-D81D-4849FE69114D}.Debug|Any CPU.Build.0 = Debug|Any CPU
		{B585998E-EAFF-7B3F-D81D-4849FE69114D}.Release|Any CPU.ActiveCfg = Release|Any CPU
		{B585998E-EAFF-7B3F-D81D-4849FE69114D}.Release|Any CPU.Build.0 = Release|Any CPU
		{930BF318-FA5F-183E-3F35-AF6B8377CC9C}.Debug|Any CPU.ActiveCfg = Debug|Any CPU
		{930BF318-FA5F-183E-3F35-AF6B8377CC9C}.Debug|Any CPU.Build.0 = Debug|Any CPU
		{930BF318-FA5F-183E-3F35-AF6B8377CC9C}.Release|Any CPU.ActiveCfg = Release|Any CPU
		{930BF318-FA5F-183E-3F35-AF6B8377CC9C}.Release|Any CPU.Build.0 = Release|Any CPU
		{4DABD573-2533-C342-4409-E9117DFFEF36}.Debug|Any CPU.ActiveCfg = Debug|Any CPU
		{4DABD573-2533-C342-4409-E9117DFFEF36}.Debug|Any CPU.Build.0 = Debug|Any CPU
		{4DABD573-2533-C342-4409-E9117DFFEF36}.Release|Any CPU.ActiveCfg = Release|Any CPU
		{4DABD573-2533-C342-4409-E9117DFFEF36}.Release|Any CPU.Build.0 = Release|Any CPU
		{BA9E00D5-3AF6-CF08-F3C8-1077969EB128}.Debug|Any CPU.ActiveCfg = Debug|Any CPU
		{BA9E00D5-3AF6-CF08-F3C8-1077969EB128}.Debug|Any CPU.Build.0 = Debug|Any CPU
		{BA9E00D5-3AF6-CF08-F3C8-1077969EB128}.Release|Any CPU.ActiveCfg = Release|Any CPU
		{BA9E00D5-3AF6-CF08-F3C8-1077969EB128}.Release|Any CPU.Build.0 = Release|Any CPU
		{EB4DD273-3C2C-0705-2A77-E7081E61C65F}.Debug|Any CPU.ActiveCfg = Debug|Any CPU
		{EB4DD273-3C2C-0705-2A77-E7081E61C65F}.Debug|Any CPU.Build.0 = Debug|Any CPU
		{EB4DD273-3C2C-0705-2A77-E7081E61C65F}.Release|Any CPU.ActiveCfg = Release|Any CPU
		{EB4DD273-3C2C-0705-2A77-E7081E61C65F}.Release|Any CPU.Build.0 = Release|Any CPU
		{1C3D68AC-2DD6-F647-0B32-302D1F633B96}.Debug|Any CPU.ActiveCfg = Debug|Any CPU
		{1C3D68AC-2DD6-F647-0B32-302D1F633B96}.Debug|Any CPU.Build.0 = Debug|Any CPU
		{1C3D68AC-2DD6-F647-0B32-302D1F633B96}.Release|Any CPU.ActiveCfg = Release|Any CPU
		{1C3D68AC-2DD6-F647-0B32-302D1F633B96}.Release|Any CPU.Build.0 = Release|Any CPU
		{A4A8B3B3-F21C-5890-BE3A-7EDC54D312B6}.Debug|Any CPU.ActiveCfg = Debug|Any CPU
		{A4A8B3B3-F21C-5890-BE3A-7EDC54D312B6}.Debug|Any CPU.Build.0 = Debug|Any CPU
		{A4A8B3B3-F21C-5890-BE3A-7EDC54D312B6}.Release|Any CPU.ActiveCfg = Release|Any CPU
		{A4A8B3B3-F21C-5890-BE3A-7EDC54D312B6}.Release|Any CPU.Build.0 = Release|Any CPU
		{447BB564-7E5A-067F-FECE-5766490358CF}.Debug|Any CPU.ActiveCfg = Debug|Any CPU
		{447BB564-7E5A-067F-FECE-5766490358CF}.Debug|Any CPU.Build.0 = Debug|Any CPU
		{447BB564-7E5A-067F-FECE-5766490358CF}.Release|Any CPU.ActiveCfg = Release|Any CPU
		{447BB564-7E5A-067F-FECE-5766490358CF}.Release|Any CPU.Build.0 = Release|Any CPU
		{36E7C992-D931-132B-E221-A0EDC6CF88AD}.Debug|Any CPU.ActiveCfg = Debug|Any CPU
		{36E7C992-D931-132B-E221-A0EDC6CF88AD}.Debug|Any CPU.Build.0 = Debug|Any CPU
		{36E7C992-D931-132B-E221-A0EDC6CF88AD}.Release|Any CPU.ActiveCfg = Release|Any CPU
		{36E7C992-D931-132B-E221-A0EDC6CF88AD}.Release|Any CPU.Build.0 = Release|Any CPU
		{92652C77-8A32-4C87-7244-0B9285E82F19}.Debug|Any CPU.ActiveCfg = Debug|Any CPU
		{92652C77-8A32-4C87-7244-0B9285E82F19}.Debug|Any CPU.Build.0 = Debug|Any CPU
		{92652C77-8A32-4C87-7244-0B9285E82F19}.Release|Any CPU.ActiveCfg = Release|Any CPU
		{92652C77-8A32-4C87-7244-0B9285E82F19}.Release|Any CPU.Build.0 = Release|Any CPU
		{439F1C0D-FDB6-0AE6-4B0B-05CA8EBC05E0}.Debug|Any CPU.ActiveCfg = Debug|Any CPU
		{439F1C0D-FDB6-0AE6-4B0B-05CA8EBC05E0}.Debug|Any CPU.Build.0 = Debug|Any CPU
		{439F1C0D-FDB6-0AE6-4B0B-05CA8EBC05E0}.Release|Any CPU.ActiveCfg = Release|Any CPU
		{439F1C0D-FDB6-0AE6-4B0B-05CA8EBC05E0}.Release|Any CPU.Build.0 = Release|Any CPU
		{8675AAEB-C225-47B5-9F79-6E492B18698E}.Debug|Any CPU.ActiveCfg = Debug|Any CPU
		{8675AAEB-C225-47B5-9F79-6E492B18698E}.Debug|Any CPU.Build.0 = Debug|Any CPU
		{8675AAEB-C225-47B5-9F79-6E492B18698E}.Release|Any CPU.ActiveCfg = Release|Any CPU
		{8675AAEB-C225-47B5-9F79-6E492B18698E}.Release|Any CPU.Build.0 = Release|Any CPU
		{471C8186-0CC3-4891-BE16-F8ABDB7A8C89}.Debug|Any CPU.ActiveCfg = Debug|Any CPU
		{471C8186-0CC3-4891-BE16-F8ABDB7A8C89}.Debug|Any CPU.Build.0 = Debug|Any CPU
		{471C8186-0CC3-4891-BE16-F8ABDB7A8C89}.Release|Any CPU.ActiveCfg = Release|Any CPU
		{471C8186-0CC3-4891-BE16-F8ABDB7A8C89}.Release|Any CPU.Build.0 = Release|Any CPU
	EndGlobalSection
	GlobalSection(SolutionProperties) = preSolution
		HideSolutionNode = FALSE
	EndGlobalSection
	GlobalSection(NestedProjects) = preSolution
		{F75B67EC-EB8C-4E4F-BBA3-7780C989F3D0} = {02EA681E-C7D8-13C7-8484-4AC65E1B71E8}
		{9FA982CE-543B-4F06-A990-B7C064D24158} = {02EA681E-C7D8-13C7-8484-4AC65E1B71E8}
		{FA05525E-B3FF-4614-93F8-39D2B06D7A98} = {02EA681E-C7D8-13C7-8484-4AC65E1B71E8}
		{76972EDE-C75C-CD7B-2F1D-01A430F8CA72} = {F75B67EC-EB8C-4E4F-BBA3-7780C989F3D0}
		{B585998E-EAFF-7B3F-D81D-4849FE69114D} = {F75B67EC-EB8C-4E4F-BBA3-7780C989F3D0}
		{930BF318-FA5F-183E-3F35-AF6B8377CC9C} = {F75B67EC-EB8C-4E4F-BBA3-7780C989F3D0}
		{4DABD573-2533-C342-4409-E9117DFFEF36} = {F75B67EC-EB8C-4E4F-BBA3-7780C989F3D0}
		{BA9E00D5-3AF6-CF08-F3C8-1077969EB128} = {9FA982CE-543B-4F06-A990-B7C064D24158}
		{EB4DD273-3C2C-0705-2A77-E7081E61C65F} = {9FA982CE-543B-4F06-A990-B7C064D24158}
		{1C3D68AC-2DD6-F647-0B32-302D1F633B96} = {9FA982CE-543B-4F06-A990-B7C064D24158}
		{A4A8B3B3-F21C-5890-BE3A-7EDC54D312B6} = {9FA982CE-543B-4F06-A990-B7C064D24158}
		{447BB564-7E5A-067F-FECE-5766490358CF} = {FA05525E-B3FF-4614-93F8-39D2B06D7A98}
		{36E7C992-D931-132B-E221-A0EDC6CF88AD} = {FA05525E-B3FF-4614-93F8-39D2B06D7A98}
		{92652C77-8A32-4C87-7244-0B9285E82F19} = {FA05525E-B3FF-4614-93F8-39D2B06D7A98}
		{439F1C0D-FDB6-0AE6-4B0B-05CA8EBC05E0} = {FA05525E-B3FF-4614-93F8-39D2B06D7A98}
		{8675AAEB-C225-47B5-9F79-6E492B18698E} = {B067232E-9832-4DCD-AB6B-D1BD0918ABB1}
		{471C8186-0CC3-4891-BE16-F8ABDB7A8C89} = {F75B67EC-EB8C-4E4F-BBA3-7780C989F3D0}
	EndGlobalSection
	GlobalSection(ExtensibilityGlobals) = postSolution
		SolutionGuid = {E8ACFB77-F7DF-46F7-AD83-1469E8AFD7DC}
	EndGlobalSection
EndGlobal
